
Microsoft Visual Studio Solution File, Format Version 12.00
# Visual Studio Version 17
VisualStudioVersion = 17.7.34202.233
MinimumVisualStudioVersion = 10.0.40219.1
Project("{FAE04EC0-301F-11D3-BF4B-00C04F79EFBC}") = "ConsoleApp_Telekocsi", "ConsoleApp_Telekocsi\ConsoleApp_Telekocsi.csproj", "{90FABFB7-6020-4D67-9E95-F84D93AD931A}"
EndProject
Global
	GlobalSection(SolutionConfigurationPlatforms) = preSolution
		Debug|Any CPU = Debug|Any CPU
		Release|Any CPU = Release|Any CPU
	EndGlobalSection
	GlobalSection(ProjectConfigurationPlatforms) = postSolution
		{90FABFB7-6020-4D67-9E95-F84D93AD931A}.Debug|Any CPU.ActiveCfg = Debug|Any CPU
		{90FABFB7-6020-4D67-9E95-F84D93AD931A}.Debug|Any CPU.Build.0 = Debug|Any CPU
		{90FABFB7-6020-4D67-9E95-F84D93AD931A}.Release|Any CPU.ActiveCfg = Release|Any CPU
		{90FABFB7-6020-4D67-9E95-F84D93AD931A}.Release|Any CPU.Build.0 = Release|Any CPU
	EndGlobalSection
	GlobalSection(SolutionProperties) = preSolution
		HideSolutionNode = FALSE
	EndGlobalSection
	GlobalSection(ExtensibilityGlobals) = postSolution
		SolutionGuid = {D68E00C4-5E32-4369-8542-6E124ECF8834}
	EndGlobalSection
EndGlobal
